github.com/sam-caldwell/counters/v2 v2.0.4 h1:MrN36X4JLFt7FZlk4vQcusH6j9FiYR60n7PxrtknW4A=
github.com/sam-caldwell/counters/v2 v2.0.4/go.mod h1:UEoqWFcwgC9rGs7OV97vVU0MIP32jOSINvlqNKtvo1k=
github.com/sam-caldwell/orderedset/v2 v2.0.2 h1:YHYg99ceMYFgSr/Ufv5QD01BDV4f7vRh4aiykMoxyDE=
github.com/sam-caldwell/orderedset/v2 v2.0.2/go.mod h1:oZ5EyLTaSGirH4KUymz1Jty4ZBbsXZ+aDVZH8ju7rwE=
github.com/sam-caldwell/simpleset/v2 v2.0.2 h1:Q/S/AgDrrvTmI7tVL0fr06n9EOBqmp+r/twwopWlgOc=
github.com/sam-caldwell/simpleset/v2 v2.0.2/go.mod h1:oQ+je3Bd8JpRy0kRWsky90Mpu/iWhveTmHxF5WLvGGE=
github.com/sam-caldwell/utilities/v2 v2.0.2 h1:m/sEs8X/Es8cEET5Z7xhb74YSAtu+EIqyK+xI46MtOI=
github.com/sam-caldwell/utilities/v2 v2.0.2/go.mod h1:GTdR4uv+9ANIEwMxdSh5jbRZlz0CKeeHhuoFGWs1FtI=
